
Microsoft Visual Studio Solution File, Format Version 12.00
# Visual Studio Version 17
VisualStudioVersion = 17.2.32630.192
MinimumVisualStudioVersion = 10.0.40219.1
Project("{FAE04EC0-301F-11D3-BF4B-00C04F79EFBC}") = "CSharp_ITFA2_23", "CSharp_ITFA2_23\CSharp_ITFA2_23.csproj", "{7CFD26C2-3107-45F0-9CF2-0BA2E1FDA212}"
EndProject
Global
	GlobalSection(SolutionConfigurationPlatforms) = preSolution
		Debug|Any CPU = Debug|Any CPU
		Release|Any CPU = Release|Any CPU
	EndGlobalSection
	GlobalSection(ProjectConfigurationPlatforms) = postSolution
		{7CFD26C2-3107-45F0-9CF2-0BA2E1FDA212}.Debug|Any CPU.ActiveCfg = Debug|Any CPU
		{7CFD26C2-3107-45F0-9CF2-0BA2E1FDA212}.Debug|Any CPU.Build.0 = Debug|Any CPU
		{7CFD26C2-3107-45F0-9CF2-0BA2E1FDA212}.Release|Any CPU.ActiveCfg = Release|Any CPU
		{7CFD26C2-3107-45F0-9CF2-0BA2E1FDA212}.Release|Any CPU.Build.0 = Release|Any CPU
	EndGlobalSection
	GlobalSection(SolutionProperties) = preSolution
		HideSolutionNode = FALSE
	EndGlobalSection
	GlobalSection(ExtensibilityGlobals) = postSolution
		SolutionGuid = {CE319699-729E-46B8-8CCF-B4751F3EA627}
	EndGlobalSection
EndGlobal
